
Microsoft Visual Studio Solution File, Format Version 9.00
# Visual Studio 2005
Project("{8BC9CEB8-8B4A-11D0-8D11-00A0C91BC942}") = "Entity", "Entity\Entity.vcproj", "{E8C3DBFD-39D4-4F1A-AB62-9A4ACC142788}"
EndProject
Project("{8BC9CEB8-8B4A-11D0-8D11-00A0C91BC942}") = "BLL", "BLL\BLL.vcproj", "{09F109C0-AEC5-4C51-81A9-59F3E782666C}"
	ProjectSection(ProjectDependencies) = postProject
		{3798BB07-F89F-4D06-937D-295719D88FD9} = {3798BB07-F89F-4D06-937D-295719D88FD9}
		{B80D7C23-1ACA-41B1-9D3C-1BC33C6F747B} = {B80D7C23-1ACA-41B1-9D3C-1BC33C6F747B}
		{E8C3DBFD-39D4-4F1A-AB62-9A4ACC142788} = {E8C3DBFD-39D4-4F1A-AB62-9A4ACC142788}
	EndProjectSection
EndProject
Project("{8BC9CEB8-8B4A-11D0-8D11-00A0C91BC942}") = "Tools", "Tools\Tools.vcproj", "{B80D7C23-1ACA-41B1-9D3C-1BC33C6F747B}"
EndProject
Project("{8BC9CEB8-8B4A-11D0-8D11-00A0C91BC942}") = "DAL", "DAL\DAL.vcproj", "{3798BB07-F89F-4D06-937D-295719D88FD9}"
EndProject
Project("{8BC9CEB8-8B4A-11D0-8D11-00A0C91BC942}") = "Application", "Application\Application.vcproj", "{226D8B7C-8884-4F23-BFB1-601CE86CD5FA}"
	ProjectSection(ProjectDependencies) = postProject
		{CC27D185-4C70-4782-8666-423EFC282E4D} = {CC27D185-4C70-4782-8666-423EFC282E4D}
	EndProjectSection
EndProject
Project("{8BC9CEB8-8B4A-11D0-8D11-00A0C91BC942}") = "UIL", "UIL\UIL.vcproj", "{CC27D185-4C70-4782-8666-423EFC282E4D}"
	ProjectSection(ProjectDependencies) = postProject
		{E8C3DBFD-39D4-4F1A-AB62-9A4ACC142788} = {E8C3DBFD-39D4-4F1A-AB62-9A4ACC142788}
		{09F109C0-AEC5-4C51-81A9-59F3E782666C} = {09F109C0-AEC5-4C51-81A9-59F3E782666C}
		{B80D7C23-1ACA-41B1-9D3C-1BC33C6F747B} = {B80D7C23-1ACA-41B1-9D3C-1BC33C6F747B}
	EndProjectSection
EndProject
Global
	GlobalSection(SolutionConfigurationPlatforms) = preSolution
		Debug|Win32 = Debug|Win32
		Release|Win32 = Release|Win32
	EndGlobalSection
	GlobalSection(ProjectConfigurationPlatforms) = postSolution
		{E8C3DBFD-39D4-4F1A-AB62-9A4ACC142788}.Debug|Win32.ActiveCfg = Debug|Win32
		{E8C3DBFD-39D4-4F1A-AB62-9A4ACC142788}.Debug|Win32.Build.0 = Debug|Win32
		{E8C3DBFD-39D4-4F1A-AB62-9A4ACC142788}.Release|Win32.ActiveCfg = Release|Win32
		{E8C3DBFD-39D4-4F1A-AB62-9A4ACC142788}.Release|Win32.Build.0 = Release|Win32
		{09F109C0-AEC5-4C51-81A9-59F3E782666C}.Debug|Win32.ActiveCfg = Debug|Win32
		{09F109C0-AEC5-4C51-81A9-59F3E782666C}.Debug|Win32.Build.0 = Debug|Win32
		{09F109C0-AEC5-4C51-81A9-59F3E782666C}.Release|Win32.ActiveCfg = Release|Win32
		{09F109C0-AEC5-4C51-81A9-59F3E782666C}.Release|Win32.Build.0 = Release|Win32
		{B80D7C23-1ACA-41B1-9D3C-1BC33C6F747B}.Debug|Win32.ActiveCfg = Debug|Win32
		{B80D7C23-1ACA-41B1-9D3C-1BC33C6F747B}.Debug|Win32.Build.0 = Debug|Win32
		{B80D7C23-1ACA-41B1-9D3C-1BC33C6F747B}.Release|Win32.ActiveCfg = Release|Win32
		{B80D7C23-1ACA-41B1-9D3C-1BC33C6F747B}.Release|Win32.Build.0 = Release|Win32
		{3798BB07-F89F-4D06-937D-295719D88FD9}.Debug|Win32.ActiveCfg = Debug|Win32
		{3798BB07-F89F-4D06-937D-295719D88FD9}.Debug|Win32.Build.0 = Debug|Win32
		{3798BB07-F89F-4D06-937D-295719D88FD9}.Release|Win32.ActiveCfg = Release|Win32
		{3798BB07-F89F-4D06-937D-295719D88FD9}.Release|Win32.Build.0 = Release|Win32
		{226D8B7C-8884-4F23-BFB1-601CE86CD5FA}.Debug|Win32.ActiveCfg = Debug|Win32
		{226D8B7C-8884-4F23-BFB1-601CE86CD5FA}.Debug|Win32.Build.0 = Debug|Win32
		{226D8B7C-8884-4F23-BFB1-601CE86CD5FA}.Release|Win32.ActiveCfg = Release|Win32
		{226D8B7C-8884-4F23-BFB1-601CE86CD5FA}.Release|Win32.Build.0 = Release|Win32
		{CC27D185-4C70-4782-8666-423EFC282E4D}.Debug|Win32.ActiveCfg = Debug|Win32
		{CC27D185-4C70-4782-8666-423EFC282E4D}.Debug|Win32.Build.0 = Debug|Win32
		{CC27D185-4C70-4782-8666-423EFC282E4D}.Release|Win32.ActiveCfg = Release|Win32
		{CC27D185-4C70-4782-8666-423EFC282E4D}.Release|Win32.Build.0 = Release|Win32
	EndGlobalSection
	GlobalSection(SolutionProperties) = preSolution
		HideSolutionNode = FALSE
	EndGlobalSection
EndGlobal
